<?xml version="1.0" encoding="utf-8"?>
<Project ToolsVersion="4.0" xmlns="http://schemas.microsoft.com/developer/msbuild/2003">
  <ItemGroup>
    <Filter Include="Source Files">
      <UniqueIdentifier>{4FC737F1-C7A5-4376-A066-2A32D752A2FF}</UniqueIdentifier>
      <Extensions>cpp;c;cc;cxx;def;odl;idl;hpj;bat;asm;asmx</Extensions>
    </Filter>
    <Filter Include="Header Files">
      <UniqueIdentifier>{93995380-89BD-4b04-88EB-625FBE52EBFB}</UniqueIdentifier>
      <Extensions>h;hh;hpp;hxx;hm;inl;inc;xsd</Extensions>
    </Filter>
    <Filter Include="Resource Files">
      <UniqueIdentifier>{67DA6AB6-F800-4c08-8B7A-83BB121AAD01}</UniqueIdentifier>
      <Extensions>rc;ico;cur;bmp;dlg;rc2;rct;bin;rgs;gif;jpg;jpeg;jpe;resx;tiff;tif;png;wav;mfcribbon-ms</Extensions>
    </Filter>
    <Filter Include="Form Files">
      <UniqueIdentifier>{99349809-55BA-4b9d-BF79-8FDBB0286EB3}</UniqueIdentifier>
      <Extensions>ui</Extensions>
    </Filter>
    <Filter Include="Resource Files">
      <UniqueIdentifier>{D9D6E242-F8AF-46E4-B9FD-80ECBC20BA3E}</UniqueIdentifier>
      <Extensions>qrc;*</Extensions>
      <ParseFiles>false</ParseFiles>
    </Filter>
  </ItemGroup>
  <ItemGroup>
    <QtRcc Include="DxfRW.qrc">
      <Filter>Resource Files</Filter>
    </QtRcc>
    <QtUic Include="DxfRW.ui">
      <Filter>Resource Files</Filter>
    </QtUic>
    <QtMoc Include="DxfRW.h">
      <Filter>Header Files</Filter>
    </QtMoc>
    <ClCompile Include="DxfRW.cpp">
      <Filter>Source Files</Filter>
    </ClCompile>
  </ItemGroup>
  <ItemGroup>
    <ClCompile Include="main.cpp">
      <Filter>Source Files</Filter>
    </ClCompile>
    <ClCompile Include="dx_iface.cpp">
      <Filter>Source Files</Filter>
    </ClCompile>
    <ClCompile Include="RS_Document.cpp">
      <Filter>Source Files</Filter>
    </ClCompile>
    <ClCompile Include="RS_Debug.cpp">
      <Filter>Source Files</Filter>
    </ClCompile>
    <ClCompile Include="RS_LayerList.cpp">
      <Filter>Source Files</Filter>
    </ClCompile>
    <ClCompile Include="RS_Layer.cpp">
      <Filter>Source Files</Filter>
    </ClCompile>
    <ClCompile Include="RS_Pen.cpp">
      <Filter>Source Files</Filter>
    </ClCompile>
    <ClCompile Include="RS.cpp">
      <Filter>Source Files</Filter>
    </ClCompile>
    <ClCompile Include="RS_Color.cpp">
      <Filter>Source Files</Filter>
    </ClCompile>
    <ClCompile Include="RS_Flags.cpp">
      <Filter>Source Files</Filter>
    </ClCompile>
    <ClCompile Include="RS_EntityContainer.cpp">
      <Filter>Source Files</Filter>
    </ClCompile>
    <ClCompile Include="RS_Entity.cpp">
      <Filter>Source Files</Filter>
    </ClCompile>
    <ClCompile Include="RS_Vector.cpp">
      <Filter>Source Files</Filter>
    </ClCompile>
    <ClCompile Include="RS_Undoable.cpp">
      <Filter>Source Files</Filter>
    </ClCompile>
    <ClCompile Include="RS_UndoCycle.cpp">
      <Filter>Source Files</Filter>
    </ClCompile>
    <ClCompile Include="muParserBase.cpp">
      <Filter>Source Files</Filter>
    </ClCompile>
    <ClCompile Include="muParserError.cpp">
      <Filter>Source Files</Filter>
    </ClCompile>
    <ClCompile Include="muParserCallback.cpp">
      <Filter>Source Files</Filter>
    </ClCompile>
    <ClCompile Include="muParserBytecode.cpp">
      <Filter>Source Files</Filter>
    </ClCompile>
    <ClCompile Include="lc_rect.cpp">
      <Filter>Source Files</Filter>
    </ClCompile>
    <ClCompile Include="RS_Undo.cpp">
      <Filter>Source Files</Filter>
    </ClCompile>
    <ClCompile Include="RS_Arc.cpp">
      <Filter>Source Files</Filter>
    </ClCompile>
    <ClCompile Include="RS_AtomicEntity.cpp">
      <Filter>Source Files</Filter>
    </ClCompile>
    <ClCompile Include="rs_line.cpp">
      <Filter>Source Files</Filter>
    </ClCompile>
    <ClCompile Include="rs_graphicview.cpp">
      <Filter>Source Files</Filter>
    </ClCompile>
    <ClCompile Include="rs_linetypepattern.cpp">
      <Filter>Source Files</Filter>
    </ClCompile>
    <ClCompile Include="rs_eventhandler.cpp">
      <Filter>Source Files</Filter>
    </ClCompile>
    <ClCompile Include="rs_actioninterface.cpp">
      <Filter>Source Files</Filter>
    </ClCompile>
    <ClCompile Include="rs_commands.cpp">
      <Filter>Source Files</Filter>
    </ClCompile>
    <ClCompile Include="rs_system.cpp">
      <Filter>Source Files</Filter>
    </ClCompile>
    <ClCompile Include="rs_settings.cpp">
      <Filter>Source Files</Filter>
    </ClCompile>
    <ClCompile Include="rs_locale.cpp">
      <Filter>Source Files</Filter>
    </ClCompile>
    <ClCompile Include="rs_dialogfactory.cpp">
      <Filter>Source Files</Filter>
    </ClCompile>
    <ClCompile Include="rs_block.cpp">
      <Filter>Source Files</Filter>
    </ClCompile>
    <ClCompile Include="rs_graphic.cpp">
      <Filter>Source Files</Filter>
    </ClCompile>
    <ClCompile Include="rs_fileio.cpp">
      <Filter>Source Files</Filter>
    </ClCompile>
    <ClCompile Include="rs_filterdxfrw.cpp">
      <Filter>Source Files</Filter>
    </ClCompile>
    <ClCompile Include="rs_dimension.cpp">
      <Filter>Source Files</Filter>
    </ClCompile>
    <ClCompile Include="rs_mtext.cpp">
      <Filter>Source Files</Filter>
    </ClCompile>
    <ClCompile Include="rs_font.cpp">
      <Filter>Source Files</Filter>
    </ClCompile>
    <ClCompile Include="rs_polyline.cpp">
      <Filter>Source Files</Filter>
    </ClCompile>
    <ClCompile Include="rs_information.cpp">
      <Filter>Source Files</Filter>
    </ClCompile>
    <ClCompile Include="rs_circle.cpp">
      <Filter>Source Files</Filter>
    </ClCompile>
    <ClCompile Include="rs_constructionline.cpp">
      <Filter>Source Files</Filter>
    </ClCompile>
    <ClCompile Include="lc_quadratic.cpp">
      <Filter>Source Files</Filter>
    </ClCompile>
    <ClCompile Include="rs_ellipse.cpp">
      <Filter>Source Files</Filter>
    </ClCompile>
    <ClCompile Include="rs_painter.cpp">
      <Filter>Source Files</Filter>
    </ClCompile>
    <ClCompile Include="rs_painterqt.cpp">
      <Filter>Source Files</Filter>
    </ClCompile>
    <ClCompile Include="rs_math.cpp">
      <Filter>Source Files</Filter>
    </ClCompile>
    <ClCompile Include="muParser.cpp">
      <Filter>Source Files</Filter>
    </ClCompile>
    <ClCompile Include="lc_hyperbola.cpp">
      <Filter>Source Files</Filter>
    </ClCompile>
    <ClCompile Include="lc_splinepoints.cpp">
      <Filter>Source Files</Filter>
    </ClCompile>
    <ClCompile Include="rs_blocklist.cpp">
      <Filter>Source Files</Filter>
    </ClCompile>
    <ClCompile Include="rs_variabledict.cpp">
      <Filter>Source Files</Filter>
    </ClCompile>
    <ClCompile Include="rs_units.cpp">
      <Filter>Source Files</Filter>
    </ClCompile>
    <ClCompile Include="rs_solid.cpp">
      <Filter>Source Files</Filter>
    </ClCompile>
    <ClCompile Include="rs_fontlist.cpp">
      <Filter>Source Files</Filter>
    </ClCompile>
    <ClCompile Include="rs_insert.cpp">
      <Filter>Source Files</Filter>
    </ClCompile>
    <ClCompile Include="rs_text.cpp">
      <Filter>Source Files</Filter>
    </ClCompile>
    <ClCompile Include="rs_snapper.cpp">
      <Filter>Source Files</Filter>
    </ClCompile>
    <ClCompile Include="rs_point.cpp">
      <Filter>Source Files</Filter>
    </ClCompile>
    <ClCompile Include="rs_grid.cpp">
      <Filter>Source Files</Filter>
    </ClCompile>
    <ClCompile Include="rs_overlayline.cpp">
      <Filter>Source Files</Filter>
    </ClCompile>
    <ClCompile Include="rs_spline.cpp">
      <Filter>Source Files</Filter>
    </ClCompile>
    <ClCompile Include="rs_dimaligned.cpp">
      <Filter>Source Files</Filter>
    </ClCompile>
    <ClCompile Include="rs_dimangular.cpp">
      <Filter>Source Files</Filter>
    </ClCompile>
    <ClCompile Include="rs_dimdiametric.cpp">
      <Filter>Source Files</Filter>
    </ClCompile>
    <ClCompile Include="rs_dimlinear.cpp">
      <Filter>Source Files</Filter>
    </ClCompile>
    <ClCompile Include="rs_dimradial.cpp">
      <Filter>Source Files</Filter>
    </ClCompile>
    <ClCompile Include="rs_hatch.cpp">
      <Filter>Source Files</Filter>
    </ClCompile>
    <ClCompile Include="rs_infoarea.cpp">
      <Filter>Source Files</Filter>
    </ClCompile>
    <ClCompile Include="rs_pattern.cpp">
      <Filter>Source Files</Filter>
    </ClCompile>
    <ClCompile Include="rs_patternlist.cpp">
      <Filter>Source Files</Filter>
    </ClCompile>
    <ClCompile Include="rs_image.cpp">
      <Filter>Source Files</Filter>
    </ClCompile>
    <ClCompile Include="rs_leader.cpp">
      <Filter>Source Files</Filter>
    </ClCompile>
    <ClCompile Include="drw_classes.cpp">
      <Filter>Source Files</Filter>
    </ClCompile>
    <ClCompile Include="drw_dbg.cpp">
      <Filter>Source Files</Filter>
    </ClCompile>
    <ClCompile Include="drw_entities.cpp">
      <Filter>Source Files</Filter>
    </ClCompile>
    <ClCompile Include="drw_header.cpp">
      <Filter>Source Files</Filter>
    </ClCompile>
    <ClCompile Include="drw_objects.cpp">
      <Filter>Source Files</Filter>
    </ClCompile>
    <ClCompile Include="drw_textcodec.cpp">
      <Filter>Source Files</Filter>
    </ClCompile>
    <ClCompile Include="dwgbuffer.cpp">
      <Filter>Source Files</Filter>
    </ClCompile>
    <ClCompile Include="dwgreader.cpp">
      <Filter>Source Files</Filter>
    </ClCompile>
    <ClCompile Include="dwgreader15.cpp">
      <Filter>Source Files</Filter>
    </ClCompile>
    <ClCompile Include="dwgreader18.cpp">
      <Filter>Source Files</Filter>
    </ClCompile>
    <ClCompile Include="dwgreader21.cpp">
      <Filter>Source Files</Filter>
    </ClCompile>
    <ClCompile Include="dwgreader24.cpp">
      <Filter>Source Files</Filter>
    </ClCompile>
    <ClCompile Include="dwgreader27.cpp">
      <Filter>Source Files</Filter>
    </ClCompile>
    <ClCompile Include="dwgutil.cpp">
      <Filter>Source Files</Filter>
    </ClCompile>
    <ClCompile Include="dxfreader.cpp">
      <Filter>Source Files</Filter>
    </ClCompile>
    <ClCompile Include="dxfwriter.cpp">
      <Filter>Source Files</Filter>
    </ClCompile>
    <ClCompile Include="libdwgr.cpp">
      <Filter>Header Files</Filter>
    </ClCompile>
    <ClCompile Include="libdxfrw.cpp">
      <Filter>Header Files</Filter>
    </ClCompile>
    <ClCompile Include="rscodec.cpp">
      <Filter>Header Files</Filter>
    </ClCompile>
    <ClCompile Include="muParserTokenReader.cpp">
      <Filter>Source Files</Filter>
    </ClCompile>
    <ClCompile Include="qg_filedialog.cpp">
      <Filter>Source Files</Filter>
    </ClCompile>
  </ItemGroup>
  <ItemGroup>
    <ClInclude Include="dx_iface.h">
      <Filter>Header Files</Filter>
    </ClInclude>
    <ClInclude Include="dx_data.h">
      <Filter>Header Files</Filter>
    </ClInclude>
    <ClInclude Include="RS_Document.h">
      <Filter>Header Files</Filter>
    </ClInclude>
    <ClInclude Include="RS_Debug.h">
      <Filter>Header Files</Filter>
    </ClInclude>
    <ClInclude Include="RS_LayerList.h">
      <Filter>Header Files</Filter>
    </ClInclude>
    <ClInclude Include="RS_Layer.h">
      <Filter>Header Files</Filter>
    </ClInclude>
    <ClInclude Include="RS_Pen.h">
      <Filter>Header Files</Filter>
    </ClInclude>
    <ClInclude Include="RS.h">
      <Filter>Header Files</Filter>
    </ClInclude>
    <ClInclude Include="RS_Color.h">
      <Filter>Header Files</Filter>
    </ClInclude>
    <ClInclude Include="RS_Flags.h">
      <Filter>Header Files</Filter>
    </ClInclude>
    <ClInclude Include="RS_LayerListListener.h">
      <Filter>Header Files</Filter>
    </ClInclude>
    <ClInclude Include="RS_EntityContainer.h">
      <Filter>Header Files</Filter>
    </ClInclude>
    <ClInclude Include="RS_Entity.h">
      <Filter>Header Files</Filter>
    </ClInclude>
    <ClInclude Include="RS_Vector.h">
      <Filter>Header Files</Filter>
    </ClInclude>
    <ClInclude Include="RS_Undoable.h">
      <Filter>Header Files</Filter>
    </ClInclude>
    <ClInclude Include="RS_UndoCycle.h">
      <Filter>Header Files</Filter>
    </ClInclude>
    <ClInclude Include="muParserBase.h">
      <Filter>Header Files</Filter>
    </ClInclude>
    <ClInclude Include="muParserTemplateMagic.h">
      <Filter>Header Files</Filter>
    </ClInclude>
    <ClInclude Include="muParserError.h">
      <Filter>Header Files</Filter>
    </ClInclude>
    <ClInclude Include="muParserDef.h">
      <Filter>Header Files</Filter>
    </ClInclude>
    <ClInclude Include="muParserFixes.h">
      <Filter>Header Files</Filter>
    </ClInclude>
    <ClInclude Include="muParserStack.h">
      <Filter>Header Files</Filter>
    </ClInclude>
    <ClInclude Include="muParserToken.h">
      <Filter>Header Files</Filter>
    </ClInclude>
    <ClInclude Include="muParserCallback.h">
      <Filter>Header Files</Filter>
    </ClInclude>
    <ClInclude Include="muParserTokenReader.h">
      <Filter>Header Files</Filter>
    </ClInclude>
    <ClInclude Include="muParserBytecode.h">
      <Filter>Header Files</Filter>
    </ClInclude>
    <ClInclude Include="lc_rect.h">
      <Filter>Header Files</Filter>
    </ClInclude>
    <ClInclude Include="RS_Undo.h">
      <Filter>Header Files</Filter>
    </ClInclude>
    <ClInclude Include="RS_Arc.h">
      <Filter>Header Files</Filter>
    </ClInclude>
    <ClInclude Include="RS_AtomicEntity.h">
      <Filter>Header Files</Filter>
    </ClInclude>
    <ClInclude Include="rs_line.h">
      <Filter>Header Files</Filter>
    </ClInclude>
    <ClInclude Include="rs_linetypepattern.h">
      <Filter>Header Files</Filter>
    </ClInclude>
    <ClInclude Include="rs_commands.h">
      <Filter>Header Files</Filter>
    </ClInclude>
    <ClInclude Include="rs_system.h">
      <Filter>Header Files</Filter>
    </ClInclude>
    <ClInclude Include="rs_settings.h">
      <Filter>Header Files</Filter>
    </ClInclude>
    <ClInclude Include="rs_locale.h">
      <Filter>Header Files</Filter>
    </ClInclude>
    <ClInclude Include="rs_dialogfactory.h">
      <Filter>Header Files</Filter>
    </ClInclude>
    <ClInclude Include="rs_dialogfactoryadapter.h">
      <Filter>Header Files</Filter>
    </ClInclude>
    <ClInclude Include="rs_dialogfactoryinterface.h">
      <Filter>Header Files</Filter>
    </ClInclude>
    <ClInclude Include="rs_block.h">
      <Filter>Header Files</Filter>
    </ClInclude>
    <ClInclude Include="rs_graphic.h">
      <Filter>Header Files</Filter>
    </ClInclude>
    <ClInclude Include="rs_fileio.h">
      <Filter>Header Files</Filter>
    </ClInclude>
    <ClInclude Include="rs_filterdxfrw.h">
      <Filter>Header Files</Filter>
    </ClInclude>
    <ClInclude Include="rs_filterinterface.h">
      <Filter>Header Files</Filter>
    </ClInclude>
    <ClInclude Include="rs_dimension.h">
      <Filter>Header Files</Filter>
    </ClInclude>
    <ClInclude Include="rs_mtext.h">
      <Filter>Header Files</Filter>
    </ClInclude>
    <ClInclude Include="rs_font.h">
      <Filter>Header Files</Filter>
    </ClInclude>
    <ClInclude Include="rs_polyline.h">
      <Filter>Header Files</Filter>
    </ClInclude>
    <ClInclude Include="rs_information.h">
      <Filter>Header Files</Filter>
    </ClInclude>
    <ClInclude Include="rs_circle.h">
      <Filter>Header Files</Filter>
    </ClInclude>
    <ClInclude Include="rs_constructionline.h">
      <Filter>Header Files</Filter>
    </ClInclude>
    <ClInclude Include="lc_quadratic.h">
      <Filter>Header Files</Filter>
    </ClInclude>
    <ClInclude Include="rs_ellipse.h">
      <Filter>Header Files</Filter>
    </ClInclude>
    <ClInclude Include="rs_painter.h">
      <Filter>Header Files</Filter>
    </ClInclude>
    <ClInclude Include="rs_painterqt.h">
      <Filter>Header Files</Filter>
    </ClInclude>
    <ClInclude Include="rs_math.h">
      <Filter>Header Files</Filter>
    </ClInclude>
    <ClInclude Include="resource.h">
      <Filter>Header Files</Filter>
    </ClInclude>
    <ClInclude Include="muParser.h">
      <Filter>Header Files</Filter>
    </ClInclude>
    <ClInclude Include="lc_hyperbola.h">
      <Filter>Header Files</Filter>
    </ClInclude>
    <ClInclude Include="lc_splinepoints.h">
      <Filter>Header Files</Filter>
    </ClInclude>
    <ClInclude Include="rs_blocklist.h">
      <Filter>Header Files</Filter>
    </ClInclude>
    <ClInclude Include="rs_blocklistlistener.h">
      <Filter>Header Files</Filter>
    </ClInclude>
    <ClInclude Include="rs_fontchar.h">
      <Filter>Header Files</Filter>
    </ClInclude>
    <ClInclude Include="rs_variabledict.h">
      <Filter>Header Files</Filter>
    </ClInclude>
    <ClInclude Include="rs_variable.h">
      <Filter>Header Files</Filter>
    </ClInclude>
    <ClInclude Include="rs_units.h">
      <Filter>Header Files</Filter>
    </ClInclude>
    <ClInclude Include="rs_solid.h">
      <Filter>Header Files</Filter>
    </ClInclude>
    <ClInclude Include="rs_fontlist.h">
      <Filter>Header Files</Filter>
    </ClInclude>
    <ClInclude Include="rs_insert.h">
      <Filter>Header Files</Filter>
    </ClInclude>
    <ClInclude Include="rs_coordinateevent.h">
      <Filter>Header Files</Filter>
    </ClInclude>
    <ClInclude Include="rs_text.h">
      <Filter>Header Files</Filter>
    </ClInclude>
    <ClInclude Include="rs_snapper.h">
      <Filter>Header Files</Filter>
    </ClInclude>
    <ClInclude Include="rs_point.h">
      <Filter>Header Files</Filter>
    </ClInclude>
    <ClInclude Include="rs_grid.h">
      <Filter>Header Files</Filter>
    </ClInclude>
    <ClInclude Include="rs_overlayline.h">
      <Filter>Header Files</Filter>
    </ClInclude>
    <ClInclude Include="rs_commandevent.h">
      <Filter>Header Files</Filter>
    </ClInclude>
    <ClInclude Include="rs_spline.h">
      <Filter>Header Files</Filter>
    </ClInclude>
    <ClInclude Include="rs_dimaligned.h">
      <Filter>Header Files</Filter>
    </ClInclude>
    <ClInclude Include="rs_dimangular.h">
      <Filter>Header Files</Filter>
    </ClInclude>
    <ClInclude Include="rs_dimdiametric.h">
      <Filter>Header Files</Filter>
    </ClInclude>
    <ClInclude Include="rs_dimlinear.h">
      <Filter>Header Files</Filter>
    </ClInclude>
    <ClInclude Include="rs_dimradial.h">
      <Filter>Header Files</Filter>
    </ClInclude>
    <ClInclude Include="rs_hatch.h">
      <Filter>Header Files</Filter>
    </ClInclude>
    <ClInclude Include="rs_infoarea.h">
      <Filter>Header Files</Filter>
    </ClInclude>
    <ClInclude Include="rs_pattern.h">
      <Filter>Header Files</Filter>
    </ClInclude>
    <ClInclude Include="rs_patternlist.h">
      <Filter>Header Files</Filter>
    </ClInclude>
    <ClInclude Include="rs_image.h">
      <Filter>Header Files</Filter>
    </ClInclude>
    <ClInclude Include="rs_leader.h">
      <Filter>Header Files</Filter>
    </ClInclude>
    <ClInclude Include="drw_base.h">
      <Filter>Header Files</Filter>
    </ClInclude>
    <ClInclude Include="drw_classes.h">
      <Filter>Header Files</Filter>
    </ClInclude>
    <ClInclude Include="drw_cptable932.h">
      <Filter>Header Files</Filter>
    </ClInclude>
    <ClInclude Include="drw_cptable936.h">
      <Filter>Header Files</Filter>
    </ClInclude>
    <ClInclude Include="drw_cptable949.h">
      <Filter>Header Files</Filter>
    </ClInclude>
    <ClInclude Include="drw_cptable950.h">
      <Filter>Header Files</Filter>
    </ClInclude>
    <ClInclude Include="drw_cptables.h">
      <Filter>Header Files</Filter>
    </ClInclude>
    <ClInclude Include="drw_dbg.h">
      <Filter>Header Files</Filter>
    </ClInclude>
    <ClInclude Include="drw_entities.h">
      <Filter>Header Files</Filter>
    </ClInclude>
    <ClInclude Include="drw_header.h">
      <Filter>Header Files</Filter>
    </ClInclude>
    <ClInclude Include="drw_interface.h">
      <Filter>Header Files</Filter>
    </ClInclude>
    <ClInclude Include="drw_objects.h">
      <Filter>Header Files</Filter>
    </ClInclude>
    <ClInclude Include="drw_textcodec.h">
      <Filter>Header Files</Filter>
    </ClInclude>
    <ClInclude Include="dwgbuffer.h">
      <Filter>Header Files</Filter>
    </ClInclude>
    <ClInclude Include="dwgreader.h">
      <Filter>Header Files</Filter>
    </ClInclude>
    <ClInclude Include="dwgreader15.h">
      <Filter>Header Files</Filter>
    </ClInclude>
    <ClInclude Include="dwgreader18.h">
      <Filter>Header Files</Filter>
    </ClInclude>
    <ClInclude Include="dwgreader21.h">
      <Filter>Header Files</Filter>
    </ClInclude>
    <ClInclude Include="dwgreader24.h">
      <Filter>Header Files</Filter>
    </ClInclude>
    <ClInclude Include="dwgreader27.h">
      <Filter>Header Files</Filter>
    </ClInclude>
    <ClInclude Include="dwgutil.h">
      <Filter>Header Files</Filter>
    </ClInclude>
    <ClInclude Include="dxfreader.h">
      <Filter>Header Files</Filter>
    </ClInclude>
    <ClInclude Include="dxfwriter.h">
      <Filter>Header Files</Filter>
    </ClInclude>
    <ClInclude Include="libdwgr.h">
      <Filter>Header Files</Filter>
    </ClInclude>
    <ClInclude Include="libdxfrw.h">
      <Filter>Header Files</Filter>
    </ClInclude>
    <ClInclude Include="rscodec.h">
      <Filter>Header Files</Filter>
    </ClInclude>
    <ClInclude Include="qg_filedialog.h">
      <Filter>Header Files</Filter>
    </ClInclude>
  </ItemGroup>
  <ItemGroup>
    <QtMoc Include="rs_graphicview.h">
      <Filter>Header Files</Filter>
    </QtMoc>
    <QtMoc Include="rs_eventhandler.h">
      <Filter>Header Files</Filter>
    </QtMoc>
    <QtMoc Include="rs_actioninterface.h">
      <Filter>Header Files</Filter>
    </QtMoc>
  </ItemGroup>
  <ItemGroup>
    <ResourceCompile Include="DxfRW.rc">
      <Filter>Resource Files</Filter>
    </ResourceCompile>
  </ItemGroup>
  <ItemGroup>
    <None Include="ClassDiagram.cd" />
    <None Include="GraphicBase.cd" />
  </ItemGroup>
</Project>